// !$*UTF8*$!
{
	archiveVersion = 1;
	classes = {
	};
	objectVersion = 50;
	objects = {

/* Begin PBXBuildFile section */
		60482CE722DDBC01001CF0B6 /* User.swift in Sources */ = {isa = PBXBuildFile; fileRef = 60482CE622DDBC01001CF0B6 /* User.swift */; };
		6078994622DEB5A5005841C5 /* Key.swift in Sources */ = {isa = PBXBuildFile; fileRef = 6078994522DEB5A5005841C5 /* Key.swift */; };
		6078994822DEBE20005841C5 /* Extensions.swift in Sources */ = {isa = PBXBuildFile; fileRef = 6078994722DEBE20005841C5 /* Extensions.swift */; };
		60B77B4022D42CFB007E5B69 /* AppDelegate.swift in Sources */ = {isa = PBXBuildFile; fileRef = 60B77B3F22D42CFB007E5B69 /* AppDelegate.swift */; };
		60B77B4222D42CFB007E5B69 /* ViewController.swift in Sources */ = {isa = PBXBuildFile; fileRef = 60B77B4122D42CFB007E5B69 /* ViewController.swift */; };
		60B77B4522D42CFB007E5B69 /* Main.storyboard in Resources */ = {isa = PBXBuildFile; fileRef = 60B77B4322D42CFB007E5B69 /* Main.storyboard */; };
		60B77B4722D42CFD007E5B69 /* Assets.xcassets in Resources */ = {isa = PBXBuildFile; fileRef = 60B77B4622D42CFD007E5B69 /* Assets.xcassets */; };
		60B77B4A22D42CFD007E5B69 /* LaunchScreen.storyboard in Resources */ = {isa = PBXBuildFile; fileRef = 60B77B4822D42CFD007E5B69 /* LaunchScreen.storyboard */; };
		60C398F522D8680700B4CB69 /* EditProfileViewController.swift in Sources */ = {isa = PBXBuildFile; fileRef = 60C398F422D8680700B4CB69 /* EditProfileViewController.swift */; };
		60C398FB22D8864F00B4CB69 /* EditNameViewController.swift in Sources */ = {isa = PBXBuildFile; fileRef = 60C398FA22D8864F00B4CB69 /* EditNameViewController.swift */; };
/* End PBXBuildFile section */

/* Begin PBXFileReference section */
		60482CE622DDBC01001CF0B6 /* User.swift */ = {isa = PBXFileReference; lastKnownFileType = sourcecode.swift; path = User.swift; sourceTree = "<group>"; };
		6078994522DEB5A5005841C5 /* Key.swift */ = {isa = PBXFileReference; lastKnownFileType = sourcecode.swift; path = Key.swift; sourceTree = "<group>"; };
		6078994722DEBE20005841C5 /* Extensions.swift */ = {isa = PBXFileReference; lastKnownFileType = sourcecode.swift; path = Extensions.swift; sourceTree = "<group>"; };
		60B77B3C22D42CFB007E5B69 /* MC2 User Profile.app */ = {isa = PBXFileReference; explicitFileType = wrapper.application; includeInIndex = 0; path = "MC2 User Profile.app"; sourceTree = BUILT_PRODUCTS_DIR; };
		60B77B3F22D42CFB007E5B69 /* AppDelegate.swift */ = {isa = PBXFileReference; lastKnownFileType = sourcecode.swift; path = AppDelegate.swift; sourceTree = "<group>"; };
		60B77B4122D42CFB007E5B69 /* ViewController.swift */ = {isa = PBXFileReference; lastKnownFileType = sourcecode.swift; path = ViewController.swift; sourceTree = "<group>"; };
		60B77B4422D42CFB007E5B69 /* Base */ = {isa = PBXFileReference; lastKnownFileType = file.storyboard; name = Base; path = Base.lproj/Main.storyboard; sourceTree = "<group>"; };
		60B77B4622D42CFD007E5B69 /* Assets.xcassets */ = {isa = PBXFileReference; lastKnownFileType = folder.assetcatalog; path = Assets.xcassets; sourceTree = "<group>"; };
		60B77B4922D42CFD007E5B69 /* Base */ = {isa = PBXFileReference; lastKnownFileType = file.storyboard; name = Base; path = Base.lproj/LaunchScreen.storyboard; sourceTree = "<group>"; };
		60B77B4B22D42CFD007E5B69 /* Info.plist */ = {isa = PBXFileReference; lastKnownFileType = text.plist.xml; path = Info.plist; sourceTree = "<group>"; };
		60C398F422D8680700B4CB69 /* EditProfileViewController.swift */ = {isa = PBXFileReference; lastKnownFileType = sourcecode.swift; path = EditProfileViewController.swift; sourceTree = "<group>"; };
		60C398FA22D8864F00B4CB69 /* EditNameViewController.swift */ = {isa = PBXFileReference; lastKnownFileType = sourcecode.swift; path = EditNameViewController.swift; sourceTree = "<group>"; };
/* End PBXFileReference section */

/* Begin PBXFrameworksBuildPhase section */
		60B77B3922D42CFB007E5B69 /* Frameworks */ = {
			isa = PBXFrameworksBuildPhase;
			buildActionMask = 2147483647;
			files = (
			);
			runOnlyForDeploymentPostprocessing = 0;
		};
/* End PBXFrameworksBuildPhase section */

/* Begin PBXGroup section */
		60B77B3322D42CFB007E5B69 = {
			isa = PBXGroup;
			children = (
				60B77B3E22D42CFB007E5B69 /* MC2 User Profile */,
				60B77B3D22D42CFB007E5B69 /* Products */,
			);
			sourceTree = "<group>";
		};
		60B77B3D22D42CFB007E5B69 /* Products */ = {
			isa = PBXGroup;
			children = (
				60B77B3C22D42CFB007E5B69 /* MC2 User Profile.app */,
			);
			name = Products;
			sourceTree = "<group>";
		};
		60B77B3E22D42CFB007E5B69 /* MC2 User Profile */ = {
			isa = PBXGroup;
			children = (
				60B77B3F22D42CFB007E5B69 /* AppDelegate.swift */,
				60B77B5122D42D50007E5B69 /* Model */,
				60B77B5322D42D62007E5B69 /* View */,
				60B77B5422D42D68007E5B69 /* Controller */,
				6078994722DEBE20005841C5 /* Extensions.swift */,
				60B77B4622D42CFD007E5B69 /* Assets.xcassets */,
				60B77B4B22D42CFD007E5B69 /* Info.plist */,
			);
			path = "MC2 User Profile";
			sourceTree = "<group>";
		};
		60B77B5122D42D50007E5B69 /* Model */ = {
			isa = PBXGroup;
			children = (
				60482CE622DDBC01001CF0B6 /* User.swift */,
				6078994522DEB5A5005841C5 /* Key.swift */,
			);
			path = Model;
			sourceTree = "<group>";
		};
		60B77B5322D42D62007E5B69 /* View */ = {
			isa = PBXGroup;
			children = (
				60B77B4822D42CFD007E5B69 /* LaunchScreen.storyboard */,
				60B77B4322D42CFB007E5B69 /* Main.storyboard */,
			);
			path = View;
			sourceTree = "<group>";
		};
		60B77B5422D42D68007E5B69 /* Controller */ = {
			isa = PBXGroup;
			children = (
				60B77B4122D42CFB007E5B69 /* ViewController.swift */,
				60C398F422D8680700B4CB69 /* EditProfileViewController.swift */,
				60C398FA22D8864F00B4CB69 /* EditNameViewController.swift */,
			);
			path = Controller;
			sourceTree = "<group>";
		};
/* End PBXGroup section */

/* Begin PBXNativeTarget section */
		60B77B3B22D42CFB007E5B69 /* MC2 User Profile */ = {
			isa = PBXNativeTarget;
			buildConfigurationList = 60B77B4E22D42CFD007E5B69 /* Build configuration list for PBXNativeTarget "MC2 User Profile" */;
			buildPhases = (
				60B77B3822D42CFB007E5B69 /* Sources */,
				60B77B3922D42CFB007E5B69 /* Frameworks */,
				60B77B3A22D42CFB007E5B69 /* Resources */,
			);
			buildRules = (
			);
			dependencies = (
			);
			name = "MC2 User Profile";
			productName = "MC2 User Profile";
			productReference = 60B77B3C22D42CFB007E5B69 /* MC2 User Profile.app */;
			productType = "com.apple.product-type.application";
		};
/* End PBXNativeTarget section */

/* Begin PBXProject section */
		60B77B3422D42CFB007E5B69 /* Project object */ = {
			isa = PBXProject;
			attributes = {
				LastSwiftUpdateCheck = 1020;
				LastUpgradeCheck = 1020;
				ORGANIZATIONNAME = thomaspputra;
				TargetAttributes = {
					60B77B3B22D42CFB007E5B69 = {
						CreatedOnToolsVersion = 10.2.1;
					};
				};
			};
			buildConfigurationList = 60B77B3722D42CFB007E5B69 /* Build configuration list for PBXProject "MC2 User Profile" */;
			compatibilityVersion = "Xcode 9.3";
			developmentRegion = en;
			hasScannedForEncodings = 0;
			knownRegions = (
				en,
				Base,
			);
			mainGroup = 60B77B3322D42CFB007E5B69;
			productRefGroup = 60B77B3D22D42CFB007E5B69 /* Products */;
			projectDirPath = "";
			projectRoot = "";
			targets = (
				60B77B3B22D42CFB007E5B69 /* MC2 User Profile */,
			);
		};
/* End PBXProject section */

/* Begin PBXResourcesBuildPhase section */
		60B77B3A22D42CFB007E5B69 /* Resources */ = {
			isa = PBXResourcesBuildPhase;
			buildActionMask = 2147483647;
			files = (
				60B77B4A22D42CFD007E5B69 /* LaunchScreen.storyboard in Resources */,
				60B77B4722D42CFD007E5B69 /* Assets.xcassets in Resources */,
				60B77B4522D42CFB007E5B69 /* Main.storyboard in Resources */,
			);
			runOnlyForDeploymentPostprocessing = 0;
		};
/* End PBXResourcesBuildPhase section */

/* Begin PBXSourcesBuildPhase section */
		60B77B3822D42CFB007E5B69 /* Sources */ = {
			isa = PBXSourcesBuildPhase;
			buildActionMask = 2147483647;
			files = (
				60B77B4222D42CFB007E5B69 /* ViewController.swift in Sources */,
				60B77B4022D42CFB007E5B69 /* AppDelegate.swift in Sources */,
				6078994822DEBE20005841C5 /* Extensions.swift in Sources */,
				60482CE722DDBC01001CF0B6 /* User.swift in Sources */,
				60C398F522D8680700B4CB69 /* EditProfileViewController.swift in Sources */,
				60C398FB22D8864F00B4CB69 /* EditNameViewController.swift in Sources */,
				6078994622DEB5A5005841C5 /* Key.swift in Sources */,
			);
			runOnlyForDeploymentPostprocessing = 0;
		};
/* End PBXSourcesBuildPhase section */

/* Begin PBXVariantGroup section */
		60B77B4322D42CFB007E5B69 /* Main.storyboard */ = {
			isa = PBXVariantGroup;
			children = (
				60B77B4422D42CFB007E5B69 /* Base */,
			);
			name = Main.storyboard;
			sourceTree = "<group>";
		};
		60B77B4822D42CFD007E5B69 /* LaunchScreen.storyboard */ = {
			isa = PBXVariantGroup;
			children = (
				60B77B4922D42CFD007E5B69 /* Base */,
			);
			name = LaunchScreen.storyboard;
			sourceTree = "<group>";
		};
/* End PBXVariantGroup section */

/* Begin XCBuildConfiguration section */
		60B77B4C22D42CFD007E5B69 /* Debug */ = {
			isa = XCBuildConfiguration;
			buildSettings = {
				ALWAYS_SEARCH_USER_PATHS = NO;
				CLANG_ANALYZER_NONNULL = YES;
				CLANG_ANALYZER_NUMBER_OBJECT_CONVERSION = YES_AGGRESSIVE;
				CLANG_CXX_LANGUAGE_STANDARD = "gnu++14";
				CLANG_CXX_LIBRARY = "libc++";
				CLANG_ENABLE_MODULES = YES;
				CLANG_ENABLE_OBJC_ARC = YES;
				CLANG_ENABLE_OBJC_WEAK = YES;
				CLANG_WARN_BLOCK_CAPTURE_AUTORELEASING = YES;
				CLANG_WARN_BOOL_CONVERSION = YES;
				CLANG_WARN_COMMA = YES;
				CLANG_WARN_CONSTANT_CONVERSION = YES;
				CLANG_WARN_DEPRECATED_OBJC_IMPLEMENTATIONS = YES;
				CLANG_WARN_DIRECT_OBJC_ISA_USAGE = YES_ERROR;
				CLANG_WARN_DOCUMENTATION_COMMENTS = YES;
				CLANG_WARN_EMPTY_BODY = YES;
				CLANG_WARN_ENUM_CONVERSION = YES;
				CLANG_WARN_INFINITE_RECURSION = YES;
				CLANG_WARN_INT_CONVERSION = YES;
				CLANG_WARN_NON_LITERAL_NULL_CONVERSION = YES;
				CLANG_WARN_OBJC_IMPLICIT_RETAIN_SELF = YES;
				CLANG_WARN_OBJC_LITERAL_CONVERSION = YES;
				CLANG_WARN_OBJC_ROOT_CLASS = YES_ERROR;
				CLANG_WARN_RANGE_LOOP_ANALYSIS = YES;
				CLANG_WARN_STRICT_PROTOTYPES = YES;
				CLANG_WARN_SUSPICIOUS_MOVE = YES;
				CLANG_WARN_UNGUARDED_AVAILABILITY = YES_AGGRESSIVE;
				CLANG_WARN_UNREACHABLE_CODE = YES;
				CLANG_WARN__DUPLICATE_METHOD_MATCH = YES;
				CODE_SIGN_IDENTITY = "iPhone Developer";
				COPY_PHASE_STRIP = NO;
				DEBUG_INFORMATION_FORMAT = dwarf;
				ENABLE_STRICT_OBJC_MSGSEND = YES;
				ENABLE_TESTABILITY = YES;
				GCC_C_LANGUAGE_STANDARD = gnu11;
				GCC_DYNAMIC_NO_PIC = NO;
				GCC_NO_COMMON_BLOCKS = YES;
				GCC_OPTIMIZATION_LEVEL = 0;
				GCC_PREPROCESSOR_DEFINITIONS = (
					"DEBUG=1",
					"$(inherited)",
				);
				GCC_WARN_64_TO_32_BIT_CONVERSION = YES;
				GCC_WARN_ABOUT_RETURN_TYPE = YES_ERROR;
				GCC_WARN_UNDECLARED_SELECTOR = YES;
				GCC_WARN_UNINITIALIZED_AUTOS = YES_AGGRESSIVE;
				GCC_WARN_UNUSED_FUNCTION = YES;
				GCC_WARN_UNUSED_VARIABLE = YES;
				IPHONEOS_DEPLOYMENT_TARGET = 12.2;
				MTL_ENABLE_DEBUG_INFO = INCLUDE_SOURCE;
				MTL_FAST_MATH = YES;
				ONLY_ACTIVE_ARCH = YES;
				SDKROOT = iphoneos;
				SWIFT_ACTIVE_COMPILATION_CONDITIONS = DEBUG;
				SWIFT_OPTIMIZATION_LEVEL = "-Onone";
			};
			name = Debug;
		};
		60B77B4D22D42CFD007E5B69 /* Release */ = {
			isa = XCBuildConfiguration;
			buildSettings = {
				ALWAYS_SEARCH_USER_PATHS = NO;
				CLANG_ANALYZER_NONNULL = YES;
				CLANG_ANALYZER_NUMBER_OBJECT_CONVERSION = YES_AGGRESSIVE;
				CLANG_CXX_LANGUAGE_STANDARD = "gnu++14";
				CLANG_CXX_LIBRARY = "libc++";
				CLANG_ENABLE_MODULES = YES;
				CLANG_ENABLE_OBJC_ARC = YES;
				CLANG_ENABLE_OBJC_WEAK = YES;
				CLANG_WARN_BLOCK_CAPTURE_AUTORELEASING = YES;
				CLANG_WARN_BOOL_CONVERSION = YES;
				CLANG_WARN_COMMA = YES;
				CLANG_WARN_CONSTANT_CONVERSION = YES;
				CLANG_WARN_DEPRECATED_OBJC_IMPLEMENTATIONS = YES;
				CLANG_WARN_DIRECT_OBJC_ISA_USAGE = YES_ERROR;
				CLANG_WARN_DOCUMENTATION_COMMENTS = YES;
				CLANG_WARN_EMPTY_BODY = YES;
				CLANG_WARN_ENUM_CONVERSION = YES;
				CLANG_WARN_INFINITE_RECURSION = YES;
				CLANG_WARN_INT_CONVERSION = YES;
				CLANG_WARN_NON_LITERAL_NULL_CONVERSION = YES;
				CLANG_WARN_OBJC_IMPLICIT_RETAIN_SELF = YES;
				CLANG_WARN_OBJC_LITERAL_CONVERSION = YES;
				CLANG_WARN_OBJC_ROOT_CLASS = YES_ERROR;
				CLANG_WARN_RANGE_LOOP_ANALYSIS = YES;
				CLANG_WARN_STRICT_PROTOTYPES = YES;
				CLANG_WARN_SUSPICIOUS_MOVE = YES;
				CLANG_WARN_UNGUARDED_AVAILABILITY = YES_AGGRESSIVE;
				CLANG_WARN_UNREACHABLE_CODE = YES;
				CLANG_WARN__DUPLICATE_METHOD_MATCH = YES;
				CODE_SIGN_IDENTITY = "iPhone Developer";
				COPY_PHASE_STRIP = NO;
				DEBUG_INFORMATION_FORMAT = "dwarf-with-dsym";
				ENABLE_NS_ASSERTIONS = NO;
				ENABLE_STRICT_OBJC_MSGSEND = YES;
				GCC_C_LANGUAGE_STANDARD = gnu11;
				GCC_NO_COMMON_BLOCKS = YES;
				GCC_WARN_64_TO_32_BIT_CONVERSION = YES;
				GCC_WARN_ABOUT_RETURN_TYPE = YES_ERROR;
				GCC_WARN_UNDECLARED_SELECTOR = YES;
				GCC_WARN_UNINITIALIZED_AUTOS = YES_AGGRESSIVE;
				GCC_WARN_UNUSED_FUNCTION = YES;
				GCC_WARN_UNUSED_VARIABLE = YES;
				IPHONEOS_DEPLOYMENT_TARGET = 12.2;
				MTL_ENABLE_DEBUG_INFO = NO;
				MTL_FAST_MATH = YES;
				SDKROOT = iphoneos;
				SWIFT_COMPILATION_MODE = wholemodule;
				SWIFT_OPTIMIZATION_LEVEL = "-O";
				VALIDATE_PRODUCT = YES;
			};
			name = Release;
		};
		60B77B4F22D42CFD007E5B69 /* Debug */ = {
			isa = XCBuildConfiguration;
			buildSettings = {
				ASSETCATALOG_COMPILER_APPICON_NAME = AppIcon;
				CODE_SIGN_STYLE = Automatic;
				DEVELOPMENT_TEAM = K6LLXSGN9V;
				INFOPLIST_FILE = "MC2 User Profile/Info.plist";
				LD_RUNPATH_SEARCH_PATHS = (
					"$(inherited)",
					"@executable_path/Frameworks",
				);
				PRODUCT_BUNDLE_IDENTIFIER = "thomaspputra.MC2-User-Profile";
				PRODUCT_NAME = "$(TARGET_NAME)";
				SWIFT_VERSION = 5.0;
				TARGETED_DEVICE_FAMILY = 1;
			};
			name = Debug;
		};
		60B77B5022D42CFD007E5B69 /* Release */ = {
			isa = XCBuildConfiguration;
			buildSettings = {
				ASSETCATALOG_COMPILER_APPICON_NAME = AppIcon;
				CODE_SIGN_STYLE = Automatic;
				DEVELOPMENT_TEAM = K6LLXSGN9V;
				INFOPLIST_FILE = "MC2 User Profile/Info.plist";
				LD_RUNPATH_SEARCH_PATHS = (
					"$(inherited)",
					"@executable_path/Frameworks",
				);
				PRODUCT_BUNDLE_IDENTIFIER = "thomaspputra.MC2-User-Profile";
				PRODUCT_NAME = "$(TARGET_NAME)";
				SWIFT_VERSION = 5.0;
				TARGETED_DEVICE_FAMILY = 1;
			};
			name = Release;
		};
/* End XCBuildConfiguration section */

/* Begin XCConfigurationList section */
		60B77B3722D42CFB007E5B69 /* Build configuration list for PBXProject "MC2 User Profile" */ = {
			isa = XCConfigurationList;
			buildConfigurations = (
				60B77B4C22D42CFD007E5B69 /* Debug */,
				60B77B4D22D42CFD007E5B69 /* Release */,
			);
			defaultConfigurationIsVisible = 0;
			defaultConfigurationName = Release;
		};
		60B77B4E22D42CFD007E5B69 /* Build configuration list for PBXNativeTarget "MC2 User Profile" */ = {
			isa = XCConfigurationList;
			buildConfigurations = (
				60B77B4F22D42CFD007E5B69 /* Debug */,
				60B77B5022D42CFD007E5B69 /* Release */,
			);
			defaultConfigurationIsVisible = 0;
			defaultConfigurationName = Release;
		};
/* End XCConfigurationList section */
	};
	rootObject = 60B77B3422D42CFB007E5B69 /* Project object */;
}
